{
  "name": "m2c2-assessments",
  "version": "1.0.0",
  "lockfileVersion": 3,
  "requires": true,
  "packages": {
    "": {
      "name": "m2c2-assessments",
      "version": "1.0.0",
      "dependencies": {
        "@m2c2kit/assessment-color-dots": "^0.8",
        "@m2c2kit/assessment-color-shapes": "^0.8",
        "@m2c2kit/assessment-symbol-search": "^0.8"
      }
    },
    "node_modules/@m2c2kit/addons": {
      "version": "0.3.34",
      "resolved": "https://registry.npmjs.org/@m2c2kit/addons/-/addons-0.3.34.tgz",
      "integrity": "sha512-tFdG5K3OJzwNe0uAMxmccL6vaq1okAXtg95s9/c34EcV/B3cCP2e2ebbFCZrNcxxRev+ZaDa8XlpVKoAPvtjOg==",
      "license": "Apache-2.0",
      "dependencies": {
        "@m2c2kit/core": "0.3.35"
      },
      "engines": {
        "node": ">=18"
      }
    },
    "node_modules/@m2c2kit/assessment-color-dots": {
      "version": "0.8.33",
      "resolved": "https://registry.npmjs.org/@m2c2kit/assessment-color-dots/-/assessment-color-dots-0.8.33.tgz",
      "integrity": "sha512-XZkrYP3fvJJShpksztGPOCC5J53mwa+4YBh0qrN5m9Jlyr8C9SX6OKUwHqUh62itZ9LA6yX68aGqs+yIui+RCw==",
      "license": "Apache-2.0",
      "dependencies": {
        "@m2c2kit/addons": "0.3.34",
        "@m2c2kit/core": "0.3.35"
      },
      "engines": {
        "node": ">=18"
      }
    },
    "node_modules/@m2c2kit/assessment-color-shapes": {
      "version": "0.8.33",
      "resolved": "https://registry.npmjs.org/@m2c2kit/assessment-color-shapes/-/assessment-color-shapes-0.8.33.tgz",
      "integrity": "sha512-DCnxHaw0UPoEBWRHcMNgT+Hd63X0c8QfVxxP9W79TiGD5VB3czqvYgTWHIsOiE6v1WejsNDYQyHtyofgN9XtLg==",
      "license": "Apache-2.0",
      "dependencies": {
        "@m2c2kit/addons": "0.3.34",
        "@m2c2kit/core": "0.3.35"
      },
      "engines": {
        "node": ">=18"
      }
    },
    "node_modules/@m2c2kit/assessment-symbol-search": {
      "version": "0.8.33",
      "resolved": "https://registry.npmjs.org/@m2c2kit/assessment-symbol-search/-/assessment-symbol-search-0.8.33.tgz",
      "integrity": "sha512-5lZkxsU2PDMXvVr3ynhPKRTIzALana6JOhYVlor83WhqW7dLPQrID6KX/60a4VVARcvc7ggXAQuuuSLKegC1DQ==",
      "license": "Apache-2.0",
      "dependencies": {
        "@m2c2kit/addons": "0.3.34",
        "@m2c2kit/core": "0.3.35",
        "@m2c2kit/data-calc": "0.8.6"
      },
      "engines": {
        "node": ">=18"
      }
    },
    "node_modules/@m2c2kit/core": {
      "version": "0.3.35",
      "resolved": "https://registry.npmjs.org/@m2c2kit/core/-/core-0.3.35.tgz",
      "integrity": "sha512-KIr9XbSToATj8Gw3POF6Ab2BLHvjN1ZIt6Z+2OUVDWLpBaPTURTHCDDkTHaKo+5d4AMJ4sLCjF4nVIhdVi7GRw==",
      "license": "Apache-2.0",
      "dependencies": {
        "canvaskit-wasm": "0.40.0"
      },
      "engines": {
        "node": ">=18"
      }
    },
    "node_modules/@m2c2kit/data-calc": {
      "version": "0.8.6",
      "resolved": "https://registry.npmjs.org/@m2c2kit/data-calc/-/data-calc-0.8.6.tgz",
      "integrity": "sha512-v7wBbu5aUDW4So3dUrglghOvPhSQAUnlWCaDi/kkr0X/UGpKiOpsCkTJOLE8BO+q/boABYtGVamzg32bO40Jdg==",
      "license": "Apache-2.0",
      "engines": {
        "node": ">=20"
      }
    },
    "node_modules/@webgpu/types": {
      "version": "0.1.21",
      "resolved": "https://registry.npmjs.org/@webgpu/types/-/types-0.1.21.tgz",
      "integrity": "sha512-pUrWq3V5PiSGFLeLxoGqReTZmiiXwY3jRkIG5sLLKjyqNxrwm/04b4nw7LSmGWJcKk59XOM/YRTUwOzo4MMlow==",
      "license": "BSD-3-Clause"
    },
    "node_modules/canvaskit-wasm": {
      "version": "0.40.0",
      "resolved": "https://registry.npmjs.org/canvaskit-wasm/-/canvaskit-wasm-0.40.0.tgz",
      "integrity": "sha512-Od2o+ZmoEw9PBdN/yCGvzfu0WVqlufBPEWNG452wY7E9aT8RBE+ChpZF526doOlg7zumO4iCS+RAeht4P0Gbpw==",
      "license": "BSD-3-Clause",
      "dependencies": {
        "@webgpu/types": "0.1.21"
      }
    }
  }
}
